
Microsoft Visual Studio Solution File, Format Version 12.00
# Visual Studio Version 16
VisualStudioVersion = 16.0.31025.194
MinimumVisualStudioVersion = 10.0.40219.1
Project("{FAE04EC0-301F-11D3-BF4B-00C04F79EFBC}") = "izvp_04_11", "izvp_04_11\izvp_04_11.csproj", "{9E60B178-189E-47D0-A2C1-9C2D95322A7B}"
EndProject
Global
	GlobalSection(SolutionConfigurationPlatforms) = preSolution
		Debug|Any CPU = Debug|Any CPU
		Release|Any CPU = Release|Any CPU
	EndGlobalSection
	GlobalSection(ProjectConfigurationPlatforms) = postSolution
		{9E60B178-189E-47D0-A2C1-9C2D95322A7B}.Debug|Any CPU.ActiveCfg = Debug|Any CPU
		{9E60B178-189E-47D0-A2C1-9C2D95322A7B}.Debug|Any CPU.Build.0 = Debug|Any CPU
		{9E60B178-189E-47D0-A2C1-9C2D95322A7B}.Release|Any CPU.ActiveCfg = Release|Any CPU
		{9E60B178-189E-47D0-A2C1-9C2D95322A7B}.Release|Any CPU.Build.0 = Release|Any CPU
	EndGlobalSection
	GlobalSection(SolutionProperties) = preSolution
		HideSolutionNode = FALSE
	EndGlobalSection
	GlobalSection(ExtensibilityGlobals) = postSolution
		SolutionGuid = {4DF513A5-C457-4461-9D03-1CD2F4429745}
	EndGlobalSection
EndGlobal
